
Microsoft Visual Studio Solution File, Format Version 12.00
# Visual Studio 15
VisualStudioVersion = 15.0.27703.2035
MinimumVisualStudioVersion = 10.0.40219.1
Project("{FAE04EC0-301F-11D3-BF4B-00C04F79EFBC}") = "RentPrice", "RentPrice\RentPrice.csproj", "{5F18B90B-604F-4CDC-804A-7B16DFF3C4AA}"
EndProject
Global
	GlobalSection(SolutionConfigurationPlatforms) = preSolution
		Debug|Any CPU = Debug|Any CPU
		Release|Any CPU = Release|Any CPU
	EndGlobalSection
	GlobalSection(ProjectConfigurationPlatforms) = postSolution
		{5F18B90B-604F-4CDC-804A-7B16DFF3C4AA}.Debug|Any CPU.ActiveCfg = Debug|Any CPU
		{5F18B90B-604F-4CDC-804A-7B16DFF3C4AA}.Debug|Any CPU.Build.0 = Debug|Any CPU
		{5F18B90B-604F-4CDC-804A-7B16DFF3C4AA}.Release|Any CPU.ActiveCfg = Release|Any CPU
		{5F18B90B-604F-4CDC-804A-7B16DFF3C4AA}.Release|Any CPU.Build.0 = Release|Any CPU
	EndGlobalSection
	GlobalSection(SolutionProperties) = preSolution
		HideSolutionNode = FALSE
	EndGlobalSection
	GlobalSection(ExtensibilityGlobals) = postSolution
		SolutionGuid = {17364AD3-1B0B-4675-9395-7F60AFBD9ECC}
	EndGlobalSection
EndGlobal
